
Microsoft Visual Studio Solution File, Format Version 12.00
# Visual Studio Version 17
VisualStudioVersion = 17.1.32407.343
MinimumVisualStudioVersion = 10.0.40219.1
Project("{FAE04EC0-301F-11D3-BF4B-00C04F79EFBC}") = "DA_PhanHe1", "DA_PhanHe1.csproj", "{933B8472-5A0D-4B43-BBA2-DA100D970ACA}"
EndProject
Global
	GlobalSection(SolutionConfigurationPlatforms) = preSolution
		Debug|Any CPU = Debug|Any CPU
		Release|Any CPU = Release|Any CPU
	EndGlobalSection
	GlobalSection(ProjectConfigurationPlatforms) = postSolution
		{933B8472-5A0D-4B43-BBA2-DA100D970ACA}.Debug|Any CPU.ActiveCfg = Debug|Any CPU
		{933B8472-5A0D-4B43-BBA2-DA100D970ACA}.Debug|Any CPU.Build.0 = Debug|Any CPU
		{933B8472-5A0D-4B43-BBA2-DA100D970ACA}.Release|Any CPU.ActiveCfg = Release|Any CPU
		{933B8472-5A0D-4B43-BBA2-DA100D970ACA}.Release|Any CPU.Build.0 = Release|Any CPU
	EndGlobalSection
	GlobalSection(SolutionProperties) = preSolution
		HideSolutionNode = FALSE
	EndGlobalSection
	GlobalSection(ExtensibilityGlobals) = postSolution
		SolutionGuid = {063DD863-3066-4A7D-8A4D-53388B4C3AB0}
	EndGlobalSection
EndGlobal
